
Microsoft Visual Studio Solution File, Format Version 12.00
# Visual Studio Version 16
VisualStudioVersion = 16.0.30907.101
MinimumVisualStudioVersion = 10.0.40219.1
Project("{FAE04EC0-301F-11D3-BF4B-00C04F79EFBC}") = "MathsLibrary", "MathsLibrary\MathsLibrary.csproj", "{2B0667D5-E14A-4591-876A-F9DAB3A5F4A9}"
EndProject
Global
	GlobalSection(SolutionConfigurationPlatforms) = preSolution
		Debug|Any CPU = Debug|Any CPU
		Release|Any CPU = Release|Any CPU
	EndGlobalSection
	GlobalSection(ProjectConfigurationPlatforms) = postSolution
		{2B0667D5-E14A-4591-876A-F9DAB3A5F4A9}.Debug|Any CPU.ActiveCfg = Debug|Any CPU
		{2B0667D5-E14A-4591-876A-F9DAB3A5F4A9}.Debug|Any CPU.Build.0 = Debug|Any CPU
		{2B0667D5-E14A-4591-876A-F9DAB3A5F4A9}.Release|Any CPU.ActiveCfg = Release|Any CPU
		{2B0667D5-E14A-4591-876A-F9DAB3A5F4A9}.Release|Any CPU.Build.0 = Release|Any CPU
	EndGlobalSection
	GlobalSection(SolutionProperties) = preSolution
		HideSolutionNode = FALSE
	EndGlobalSection
	GlobalSection(ExtensibilityGlobals) = postSolution
		SolutionGuid = {1DE098EE-223E-4301-92CE-489A6AD954FA}
	EndGlobalSection
EndGlobal
